
Microsoft Visual Studio Solution File, Format Version 11.00
# Visual Studio 2010
Project("{FAE04EC0-301F-11D3-BF4B-00C04F79EFBC}") = "Radischevo.Wahha.Data", "Framework\Radischevo.Wahha.Data\Radischevo.Wahha.Data.csproj", "{C7346189-E495-4A61-9398-F90B69AB619A}"
EndProject
Project("{FAE04EC0-301F-11D3-BF4B-00C04F79EFBC}") = "Radischevo.Wahha.Core", "Framework\Radischevo.Wahha.Core\Radischevo.Wahha.Core.csproj", "{C4A83864-BF32-49D8-BC23-C69F025628EC}"
EndProject
Project("{FAE04EC0-301F-11D3-BF4B-00C04F79EFBC}") = "Radischevo.Wahha.Web", "Framework\Radischevo.Wahha.Web\Radischevo.Wahha.Web.csproj", "{2DEB7611-864B-48C4-9CE7-5100F314371D}"
EndProject
Project("{FAE04EC0-301F-11D3-BF4B-00C04F79EFBC}") = "Radischevo.Wahha.Web.Routing", "Framework\Radischevo.Wahha.Web.Routing\Radischevo.Wahha.Web.Routing.csproj", "{63510543-829A-44CF-9D34-5A039BC78811}"
EndProject
Project("{FAE04EC0-301F-11D3-BF4B-00C04F79EFBC}") = "Radischevo.Wahha.Web.Mvc", "Framework\Radischevo.Wahha.Web.Mvc\Radischevo.Wahha.Web.Mvc.csproj", "{713B1B11-C690-46C7-9971-FC4F68126519}"
EndProject
Project("{FAE04EC0-301F-11D3-BF4B-00C04F79EFBC}") = "ConsoleTester", "Test\ConsoleTester\ConsoleTester.csproj", "{C3D7BACA-48A8-4551-BF4F-7DAAE9093468}"
EndProject
Project("{FAE04EC0-301F-11D3-BF4B-00C04F79EFBC}") = "Radischevo.Wahha.Web.Mvc.Html.Razor", "Framework\Radischevo.Wahha.Web.Mvc.Html.Razor\Radischevo.Wahha.Web.Mvc.Html.Razor.csproj", "{98E59FD6-6A20-4A98-91D7-D2A150279158}"
EndProject
Project("{FAE04EC0-301F-11D3-BF4B-00C04F79EFBC}") = "Radischevo.Wahha.Web.Mvc.Html.Forms", "Framework\Radischevo.Wahha.Web.Mvc.Html.Forms\Radischevo.Wahha.Web.Mvc.Html.Forms.csproj", "{543E3ED7-CAE9-424F-AAAE-D25DB2F00C8B}"
EndProject
Project("{FAE04EC0-301F-11D3-BF4B-00C04F79EFBC}") = "Radischevo.Wahha.Web.Templates", "Framework\Radischevo.Wahha.Web.Templates\Radischevo.Wahha.Web.Templates.csproj", "{984F9545-7298-42DE-876E-F883AB1F9EE5}"
EndProject
Project("{FAE04EC0-301F-11D3-BF4B-00C04F79EFBC}") = "Website", "Test\Website\Website.csproj", "{AEBFF602-D976-4E26-BEBF-89FED2E5C7AC}"
EndProject
Project("{FAE04EC0-301F-11D3-BF4B-00C04F79EFBC}") = "Radischevo.Wahha.Data.Mapping", "Framework\Radischevo.Wahha.Data.Mapping\Radischevo.Wahha.Data.Mapping.csproj", "{E8EF9AB4-DADE-4667-9E49-C82C665A5A59}"
EndProject
Global
	GlobalSection(SolutionConfigurationPlatforms) = preSolution
		Debug|.NET = Debug|.NET
		Debug|Any CPU = Debug|Any CPU
		Debug|Mixed Platforms = Debug|Mixed Platforms
		Release|.NET = Release|.NET
		Release|Any CPU = Release|Any CPU
		Release|Mixed Platforms = Release|Mixed Platforms
	EndGlobalSection
	GlobalSection(ProjectConfigurationPlatforms) = postSolution
		{2DEB7611-864B-48C4-9CE7-5100F314371D}.Debug|.NET.ActiveCfg = Debug|Any CPU
		{2DEB7611-864B-48C4-9CE7-5100F314371D}.Debug|Any CPU.ActiveCfg = Debug|Any CPU
		{2DEB7611-864B-48C4-9CE7-5100F314371D}.Debug|Any CPU.Build.0 = Debug|Any CPU
		{2DEB7611-864B-48C4-9CE7-5100F314371D}.Debug|Mixed Platforms.ActiveCfg = Debug|Any CPU
		{2DEB7611-864B-48C4-9CE7-5100F314371D}.Debug|Mixed Platforms.Build.0 = Debug|Any CPU
		{2DEB7611-864B-48C4-9CE7-5100F314371D}.Release|.NET.ActiveCfg = Release|Any CPU
		{2DEB7611-864B-48C4-9CE7-5100F314371D}.Release|Any CPU.ActiveCfg = Release|Any CPU
		{2DEB7611-864B-48C4-9CE7-5100F314371D}.Release|Any CPU.Build.0 = Release|Any CPU
		{2DEB7611-864B-48C4-9CE7-5100F314371D}.Release|Mixed Platforms.ActiveCfg = Release|Any CPU
		{2DEB7611-864B-48C4-9CE7-5100F314371D}.Release|Mixed Platforms.Build.0 = Release|Any CPU
		{543E3ED7-CAE9-424F-AAAE-D25DB2F00C8B}.Debug|.NET.ActiveCfg = Debug|Any CPU
		{543E3ED7-CAE9-424F-AAAE-D25DB2F00C8B}.Debug|.NET.Build.0 = Debug|Any CPU
		{543E3ED7-CAE9-424F-AAAE-D25DB2F00C8B}.Debug|Any CPU.ActiveCfg = Debug|Any CPU
		{543E3ED7-CAE9-424F-AAAE-D25DB2F00C8B}.Debug|Any CPU.Build.0 = Debug|Any CPU
		{543E3ED7-CAE9-424F-AAAE-D25DB2F00C8B}.Debug|Mixed Platforms.ActiveCfg = Debug|Any CPU
		{543E3ED7-CAE9-424F-AAAE-D25DB2F00C8B}.Debug|Mixed Platforms.Build.0 = Debug|Any CPU
		{543E3ED7-CAE9-424F-AAAE-D25DB2F00C8B}.Release|.NET.ActiveCfg = Release|Any CPU
		{543E3ED7-CAE9-424F-AAAE-D25DB2F00C8B}.Release|.NET.Build.0 = Release|Any CPU
		{543E3ED7-CAE9-424F-AAAE-D25DB2F00C8B}.Release|Any CPU.ActiveCfg = Release|Any CPU
		{543E3ED7-CAE9-424F-AAAE-D25DB2F00C8B}.Release|Any CPU.Build.0 = Release|Any CPU
		{543E3ED7-CAE9-424F-AAAE-D25DB2F00C8B}.Release|Mixed Platforms.ActiveCfg = Release|Any CPU
		{543E3ED7-CAE9-424F-AAAE-D25DB2F00C8B}.Release|Mixed Platforms.Build.0 = Release|Any CPU
		{63510543-829A-44CF-9D34-5A039BC78811}.Debug|.NET.ActiveCfg = Debug|Any CPU
		{63510543-829A-44CF-9D34-5A039BC78811}.Debug|Any CPU.ActiveCfg = Debug|Any CPU
		{63510543-829A-44CF-9D34-5A039BC78811}.Debug|Any CPU.Build.0 = Debug|Any CPU
		{63510543-829A-44CF-9D34-5A039BC78811}.Debug|Mixed Platforms.ActiveCfg = Debug|Any CPU
		{63510543-829A-44CF-9D34-5A039BC78811}.Debug|Mixed Platforms.Build.0 = Debug|Any CPU
		{63510543-829A-44CF-9D34-5A039BC78811}.Release|.NET.ActiveCfg = Release|Any CPU
		{63510543-829A-44CF-9D34-5A039BC78811}.Release|Any CPU.ActiveCfg = Release|Any CPU
		{63510543-829A-44CF-9D34-5A039BC78811}.Release|Any CPU.Build.0 = Release|Any CPU
		{63510543-829A-44CF-9D34-5A039BC78811}.Release|Mixed Platforms.ActiveCfg = Release|Any CPU
		{63510543-829A-44CF-9D34-5A039BC78811}.Release|Mixed Platforms.Build.0 = Release|Any CPU
		{713B1B11-C690-46C7-9971-FC4F68126519}.Debug|.NET.ActiveCfg = Debug|Any CPU
		{713B1B11-C690-46C7-9971-FC4F68126519}.Debug|Any CPU.ActiveCfg = Debug|Any CPU
		{713B1B11-C690-46C7-9971-FC4F68126519}.Debug|Any CPU.Build.0 = Debug|Any CPU
		{713B1B11-C690-46C7-9971-FC4F68126519}.Debug|Mixed Platforms.ActiveCfg = Debug|Any CPU
		{713B1B11-C690-46C7-9971-FC4F68126519}.Debug|Mixed Platforms.Build.0 = Debug|Any CPU
		{713B1B11-C690-46C7-9971-FC4F68126519}.Release|.NET.ActiveCfg = Release|Any CPU
		{713B1B11-C690-46C7-9971-FC4F68126519}.Release|Any CPU.ActiveCfg = Release|Any CPU
		{713B1B11-C690-46C7-9971-FC4F68126519}.Release|Any CPU.Build.0 = Release|Any CPU
		{713B1B11-C690-46C7-9971-FC4F68126519}.Release|Mixed Platforms.ActiveCfg = Release|Any CPU
		{713B1B11-C690-46C7-9971-FC4F68126519}.Release|Mixed Platforms.Build.0 = Release|Any CPU
		{984F9545-7298-42DE-876E-F883AB1F9EE5}.Debug|.NET.ActiveCfg = Debug|Any CPU
		{984F9545-7298-42DE-876E-F883AB1F9EE5}.Debug|Any CPU.ActiveCfg = Debug|Any CPU
		{984F9545-7298-42DE-876E-F883AB1F9EE5}.Debug|Any CPU.Build.0 = Debug|Any CPU
		{984F9545-7298-42DE-876E-F883AB1F9EE5}.Debug|Mixed Platforms.ActiveCfg = Debug|Any CPU
		{984F9545-7298-42DE-876E-F883AB1F9EE5}.Debug|Mixed Platforms.Build.0 = Debug|Any CPU
		{984F9545-7298-42DE-876E-F883AB1F9EE5}.Release|.NET.ActiveCfg = Release|Any CPU
		{984F9545-7298-42DE-876E-F883AB1F9EE5}.Release|Any CPU.ActiveCfg = Release|Any CPU
		{984F9545-7298-42DE-876E-F883AB1F9EE5}.Release|Any CPU.Build.0 = Release|Any CPU
		{984F9545-7298-42DE-876E-F883AB1F9EE5}.Release|Mixed Platforms.ActiveCfg = Release|Any CPU
		{984F9545-7298-42DE-876E-F883AB1F9EE5}.Release|Mixed Platforms.Build.0 = Release|Any CPU
		{98E59FD6-6A20-4A98-91D7-D2A150279158}.Debug|.NET.ActiveCfg = Debug|Any CPU
		{98E59FD6-6A20-4A98-91D7-D2A150279158}.Debug|Any CPU.ActiveCfg = Debug|Any CPU
		{98E59FD6-6A20-4A98-91D7-D2A150279158}.Debug|Any CPU.Build.0 = Debug|Any CPU
		{98E59FD6-6A20-4A98-91D7-D2A150279158}.Debug|Mixed Platforms.ActiveCfg = Debug|Any CPU
		{98E59FD6-6A20-4A98-91D7-D2A150279158}.Debug|Mixed Platforms.Build.0 = Debug|Any CPU
		{98E59FD6-6A20-4A98-91D7-D2A150279158}.Release|.NET.ActiveCfg = Release|Any CPU
		{98E59FD6-6A20-4A98-91D7-D2A150279158}.Release|Any CPU.ActiveCfg = Release|Any CPU
		{98E59FD6-6A20-4A98-91D7-D2A150279158}.Release|Any CPU.Build.0 = Release|Any CPU
		{98E59FD6-6A20-4A98-91D7-D2A150279158}.Release|Mixed Platforms.ActiveCfg = Release|Any CPU
		{98E59FD6-6A20-4A98-91D7-D2A150279158}.Release|Mixed Platforms.Build.0 = Release|Any CPU
		{AEBFF602-D976-4E26-BEBF-89FED2E5C7AC}.Debug|.NET.ActiveCfg = Debug|Any CPU
		{AEBFF602-D976-4E26-BEBF-89FED2E5C7AC}.Debug|.NET.Build.0 = Debug|Any CPU
		{AEBFF602-D976-4E26-BEBF-89FED2E5C7AC}.Debug|Any CPU.ActiveCfg = Debug|Any CPU
		{AEBFF602-D976-4E26-BEBF-89FED2E5C7AC}.Debug|Any CPU.Build.0 = Debug|Any CPU
		{AEBFF602-D976-4E26-BEBF-89FED2E5C7AC}.Debug|Mixed Platforms.ActiveCfg = Debug|Any CPU
		{AEBFF602-D976-4E26-BEBF-89FED2E5C7AC}.Debug|Mixed Platforms.Build.0 = Debug|Any CPU
		{AEBFF602-D976-4E26-BEBF-89FED2E5C7AC}.Release|.NET.ActiveCfg = Release|Any CPU
		{AEBFF602-D976-4E26-BEBF-89FED2E5C7AC}.Release|.NET.Build.0 = Release|Any CPU
		{AEBFF602-D976-4E26-BEBF-89FED2E5C7AC}.Release|Any CPU.ActiveCfg = Release|Any CPU
		{AEBFF602-D976-4E26-BEBF-89FED2E5C7AC}.Release|Any CPU.Build.0 = Release|Any CPU
		{AEBFF602-D976-4E26-BEBF-89FED2E5C7AC}.Release|Mixed Platforms.ActiveCfg = Release|Any CPU
		{AEBFF602-D976-4E26-BEBF-89FED2E5C7AC}.Release|Mixed Platforms.Build.0 = Release|Any CPU
		{C3D7BACA-48A8-4551-BF4F-7DAAE9093468}.Debug|.NET.ActiveCfg = Debug|Any CPU
		{C3D7BACA-48A8-4551-BF4F-7DAAE9093468}.Debug|.NET.Build.0 = Debug|Any CPU
		{C3D7BACA-48A8-4551-BF4F-7DAAE9093468}.Debug|Any CPU.ActiveCfg = Debug|Any CPU
		{C3D7BACA-48A8-4551-BF4F-7DAAE9093468}.Debug|Any CPU.Build.0 = Debug|Any CPU
		{C3D7BACA-48A8-4551-BF4F-7DAAE9093468}.Debug|Mixed Platforms.ActiveCfg = Debug|Any CPU
		{C3D7BACA-48A8-4551-BF4F-7DAAE9093468}.Debug|Mixed Platforms.Build.0 = Debug|Any CPU
		{C3D7BACA-48A8-4551-BF4F-7DAAE9093468}.Release|.NET.ActiveCfg = Release|Any CPU
		{C3D7BACA-48A8-4551-BF4F-7DAAE9093468}.Release|.NET.Build.0 = Release|Any CPU
		{C3D7BACA-48A8-4551-BF4F-7DAAE9093468}.Release|Any CPU.ActiveCfg = Release|Any CPU
		{C3D7BACA-48A8-4551-BF4F-7DAAE9093468}.Release|Any CPU.Build.0 = Release|Any CPU
		{C3D7BACA-48A8-4551-BF4F-7DAAE9093468}.Release|Mixed Platforms.ActiveCfg = Release|Any CPU
		{C3D7BACA-48A8-4551-BF4F-7DAAE9093468}.Release|Mixed Platforms.Build.0 = Release|Any CPU
		{C4A83864-BF32-49D8-BC23-C69F025628EC}.Debug|.NET.ActiveCfg = Debug|Any CPU
		{C4A83864-BF32-49D8-BC23-C69F025628EC}.Debug|Any CPU.ActiveCfg = Debug|Any CPU
		{C4A83864-BF32-49D8-BC23-C69F025628EC}.Debug|Any CPU.Build.0 = Debug|Any CPU
		{C4A83864-BF32-49D8-BC23-C69F025628EC}.Debug|Mixed Platforms.ActiveCfg = Debug|Any CPU
		{C4A83864-BF32-49D8-BC23-C69F025628EC}.Debug|Mixed Platforms.Build.0 = Debug|Any CPU
		{C4A83864-BF32-49D8-BC23-C69F025628EC}.Release|.NET.ActiveCfg = Release|Any CPU
		{C4A83864-BF32-49D8-BC23-C69F025628EC}.Release|Any CPU.ActiveCfg = Release|Any CPU
		{C4A83864-BF32-49D8-BC23-C69F025628EC}.Release|Any CPU.Build.0 = Release|Any CPU
		{C4A83864-BF32-49D8-BC23-C69F025628EC}.Release|Mixed Platforms.ActiveCfg = Release|Any CPU
		{C4A83864-BF32-49D8-BC23-C69F025628EC}.Release|Mixed Platforms.Build.0 = Release|Any CPU
		{C7346189-E495-4A61-9398-F90B69AB619A}.Debug|.NET.ActiveCfg = Debug|Any CPU
		{C7346189-E495-4A61-9398-F90B69AB619A}.Debug|Any CPU.ActiveCfg = Debug|Any CPU
		{C7346189-E495-4A61-9398-F90B69AB619A}.Debug|Any CPU.Build.0 = Debug|Any CPU
		{C7346189-E495-4A61-9398-F90B69AB619A}.Debug|Mixed Platforms.ActiveCfg = Debug|Any CPU
		{C7346189-E495-4A61-9398-F90B69AB619A}.Debug|Mixed Platforms.Build.0 = Debug|Any CPU
		{C7346189-E495-4A61-9398-F90B69AB619A}.Release|.NET.ActiveCfg = Release|Any CPU
		{C7346189-E495-4A61-9398-F90B69AB619A}.Release|Any CPU.ActiveCfg = Release|Any CPU
		{C7346189-E495-4A61-9398-F90B69AB619A}.Release|Any CPU.Build.0 = Release|Any CPU
		{C7346189-E495-4A61-9398-F90B69AB619A}.Release|Mixed Platforms.ActiveCfg = Release|Any CPU
		{C7346189-E495-4A61-9398-F90B69AB619A}.Release|Mixed Platforms.Build.0 = Release|Any CPU
		{E8EF9AB4-DADE-4667-9E49-C82C665A5A59}.Debug|.NET.ActiveCfg = Debug|Any CPU
		{E8EF9AB4-DADE-4667-9E49-C82C665A5A59}.Debug|.NET.Build.0 = Debug|Any CPU
		{E8EF9AB4-DADE-4667-9E49-C82C665A5A59}.Debug|Any CPU.ActiveCfg = Debug|Any CPU
		{E8EF9AB4-DADE-4667-9E49-C82C665A5A59}.Debug|Any CPU.Build.0 = Debug|Any CPU
		{E8EF9AB4-DADE-4667-9E49-C82C665A5A59}.Debug|Mixed Platforms.ActiveCfg = Debug|Any CPU
		{E8EF9AB4-DADE-4667-9E49-C82C665A5A59}.Debug|Mixed Platforms.Build.0 = Debug|Any CPU
		{E8EF9AB4-DADE-4667-9E49-C82C665A5A59}.Release|.NET.ActiveCfg = Release|Any CPU
		{E8EF9AB4-DADE-4667-9E49-C82C665A5A59}.Release|.NET.Build.0 = Release|Any CPU
		{E8EF9AB4-DADE-4667-9E49-C82C665A5A59}.Release|Any CPU.ActiveCfg = Release|Any CPU
		{E8EF9AB4-DADE-4667-9E49-C82C665A5A59}.Release|Any CPU.Build.0 = Release|Any CPU
		{E8EF9AB4-DADE-4667-9E49-C82C665A5A59}.Release|Mixed Platforms.ActiveCfg = Release|Any CPU
		{E8EF9AB4-DADE-4667-9E49-C82C665A5A59}.Release|Mixed Platforms.Build.0 = Release|Any CPU
		{D8460105-5C51-4710-BBFC-2646A405EFDD}.Debug|.NET.ActiveCfg = Debug|Any CPU
		{D8460105-5C51-4710-BBFC-2646A405EFDD}.Debug|Any CPU.ActiveCfg = Debug|Any CPU
		{D8460105-5C51-4710-BBFC-2646A405EFDD}.Debug|Any CPU.Build.0 = Debug|Any CPU
		{D8460105-5C51-4710-BBFC-2646A405EFDD}.Debug|Mixed Platforms.ActiveCfg = Debug|Any CPU
		{D8460105-5C51-4710-BBFC-2646A405EFDD}.Debug|Mixed Platforms.Build.0 = Debug|Any CPU
		{D8460105-5C51-4710-BBFC-2646A405EFDD}.Debug|Any CPU.ActiveCfg = Debug|Any CPU
		{D8460105-5C51-4710-BBFC-2646A405EFDD}.Release|.NET.ActiveCfg = Debug|Any CPU
		{D8460105-5C51-4710-BBFC-2646A405EFDD}.Release|Any CPU.ActiveCfg = Debug|Any CPU
		{D8460105-5C51-4710-BBFC-2646A405EFDD}.Release|Any CPU.Build.0 = Debug|Any CPU
		{D8460105-5C51-4710-BBFC-2646A405EFDD}.Release|Mixed Platforms.ActiveCfg = Debug|Any CPU
		{D8460105-5C51-4710-BBFC-2646A405EFDD}.Release|Mixed Platforms.Build.0 = Debug|Any CPU
		{D8460105-5C51-4710-BBFC-2646A405EFDD}.Release|Any CPU.ActiveCfg = Debug|Any CPU
	EndGlobalSection
	GlobalSection(MonoDevelopProperties) = preSolution
		StartupItem = Test\ConsoleTester\ConsoleTester.csproj
		Policies = $0
		$0.DotNetNamingPolicy = $1
		$1.DirectoryNamespaceAssociation = None
		$1.ResourceNamePolicy = FileFormatDefault
		$0.TextStylePolicy = $2
		$2.inheritsSet = null
		$2.scope = text/x-csharp
		$0.CSharpFormattingPolicy = $3
		$3.StatementBraceStyle = NextLine
		$3.PlaceElseOnNewLine = True
		$3.PlaceElseIfOnNewLine = True
		$3.PlaceCatchOnNewLine = True
		$3.PlaceFinallyOnNewLine = True
		$3.PlaceWhileOnNewLine = True
		$3.inheritsSet = Mono
		$3.inheritsScope = text/x-csharp
		$3.scope = text/x-csharp
		$0.TextStylePolicy = $4
		$4.inheritsSet = null
		$4.scope = application/xml
		$0.XmlFormattingPolicy = $5
		$5.inheritsSet = Mono
		$5.inheritsScope = application/xml
		$5.scope = application/xml
		$0.TextStylePolicy = $6
		$6.inheritsSet = null
		$6.scope = text/html
		$0.TextStylePolicy = $7
		$7.FileWidth = 120
		$7.TabWidth = 4
		$7.EolMarker = Windows
		$7.inheritsSet = Mono
		$7.inheritsScope = text/plain
		$7.scope = text/plain
		$0.TextStylePolicy = $8
		$8.inheritsSet = null
		$8.scope = application/x-resource
		version = 3.1
		outputpath = Builds
	EndGlobalSection
	GlobalSection(SolutionProperties) = preSolution
		HideSolutionNode = FALSE
	EndGlobalSection
EndGlobal
